
Microsoft Visual Studio Solution File, Format Version 12.00
# Visual Studio Version 17
VisualStudioVersion = 17.8.34330.188
MinimumVisualStudioVersion = 10.0.40219.1
Project("{9A19103F-16F7-4668-BE54-9A1E7A4F7556}") = "SatisfactorySdk", "SatisfactoryClient\SatisfactorySdk.csproj", "{82BDD563-FD87-4027-9E61-F4531E979557}"
EndProject
Project("{FAE04EC0-301F-11D3-BF4B-00C04F79EFBC}") = "SatisfactoryClientTests", "SatisfactoryClientTests\SatisfactoryClientTests.csproj", "{F5ECDE64-32DB-4C70-AD94-66B951C5522B}"
EndProject
Global
	GlobalSection(SolutionConfigurationPlatforms) = preSolution
		Debug|Any CPU = Debug|Any CPU
		Release|Any CPU = Release|Any CPU
	EndGlobalSection
	GlobalSection(ProjectConfigurationPlatforms) = postSolution
		{82BDD563-FD87-4027-9E61-F4531E979557}.Debug|Any CPU.ActiveCfg = Debug|Any CPU
		{82BDD563-FD87-4027-9E61-F4531E979557}.Debug|Any CPU.Build.0 = Debug|Any CPU
		{82BDD563-FD87-4027-9E61-F4531E979557}.Release|Any CPU.ActiveCfg = Release|Any CPU
		{82BDD563-FD87-4027-9E61-F4531E979557}.Release|Any CPU.Build.0 = Release|Any CPU
		{F5ECDE64-32DB-4C70-AD94-66B951C5522B}.Debug|Any CPU.ActiveCfg = Debug|Any CPU
		{F5ECDE64-32DB-4C70-AD94-66B951C5522B}.Debug|Any CPU.Build.0 = Debug|Any CPU
		{F5ECDE64-32DB-4C70-AD94-66B951C5522B}.Release|Any CPU.ActiveCfg = Release|Any CPU
	EndGlobalSection
	GlobalSection(SolutionProperties) = preSolution
		HideSolutionNode = FALSE
	EndGlobalSection
	GlobalSection(ExtensibilityGlobals) = postSolution
		SolutionGuid = {BE31A9F5-E24B-43D9-8C90-F6F9D125B970}
	EndGlobalSection
EndGlobal
